# THIS IS AN AUTOGENERATED FILE. DO NOT EDIT THIS FILE DIRECTLY.
# yarn lockfile v1


"@stencil/core@^2.3.0":
  version "2.3.0"
  resolved "https://registry.yarnpkg.com/@stencil/core/-/core-2.3.0.tgz#9190df3a0064537730be1546545e13531d701da8"
  integrity sha512-VZ/Ox0E1kngcmHbJhHUufuLELi+xG3of3LuRI3X2AMWyE82JUVYlOEsQci/YBZWpfc9BS9I36R88prBew22oew==
